<Solution>
  <Folder Name="/Solution Items/">
    <File Path="PushToNuget.bat" />
  </Folder>
  <Project Path="SSLCertificateMaker.Avalonia/SSLCertificateMaker.Avalonia.csproj" />
  <Project Path="SSLCertificateMaker.Library/SSLCertificateMaker.Library.csproj" />
  <Project Path="SSLCertificateMaker.WinForms/SSLCertificateMaker.WinForms.csproj" />
</Solution>
